
Microsoft Visual Studio Solution File, Format Version 12.00
# Visual Studio 15
Project("{FAE04EC0-301F-11D3-BF4B-00C04F79EFBC}") = "Assembly-CSharp-Editor", "Assembly-CSharp-Editor.csproj", "{2E695CED-C3D1-239B-0389-BA63A7E217A0}"
EndProject
Project("{FAE04EC0-301F-11D3-BF4B-00C04F79EFBC}") = "Assembly-CSharp", "Assembly-CSharp.csproj", "{4A18C774-13CA-A63C-E462-3F468A3A75EB}"
EndProject
Global
	GlobalSection(SolutionConfigurationPlatforms) = preSolution
		Debug|Any CPU = Debug|Any CPU
		Release|Any CPU = Release|Any CPU
	EndGlobalSection
	GlobalSection(ProjectConfigurationPlatforms) = postSolution
		{2E695CED-C3D1-239B-0389-BA63A7E217A0}.Debug|Any CPU.ActiveCfg = Debug|Any CPU
		{2E695CED-C3D1-239B-0389-BA63A7E217A0}.Debug|Any CPU.Build.0 = Debug|Any CPU
		{2E695CED-C3D1-239B-0389-BA63A7E217A0}.Release|Any CPU.ActiveCfg = Release|Any CPU
		{2E695CED-C3D1-239B-0389-BA63A7E217A0}.Release|Any CPU.Build.0 = Release|Any CPU
		{4A18C774-13CA-A63C-E462-3F468A3A75EB}.Debug|Any CPU.ActiveCfg = Debug|Any CPU
		{4A18C774-13CA-A63C-E462-3F468A3A75EB}.Debug|Any CPU.Build.0 = Debug|Any CPU
		{4A18C774-13CA-A63C-E462-3F468A3A75EB}.Release|Any CPU.ActiveCfg = Release|Any CPU
		{4A18C774-13CA-A63C-E462-3F468A3A75EB}.Release|Any CPU.Build.0 = Release|Any CPU
	EndGlobalSection
	GlobalSection(SolutionProperties) = preSolution
		HideSolutionNode = FALSE
	EndGlobalSection
EndGlobal
